
Microsoft Visual Studio Solution File, Format Version 12.00
# Visual Studio Version 17
VisualStudioVersion = 17.4.33205.214
MinimumVisualStudioVersion = 10.0.40219.1
Project("{FAE04EC0-301F-11D3-BF4B-00C04F79EFBC}") = "AksiApi04", "AksiApi04\AksiApi04.csproj", "{1FF03038-7B5F-4F77-820A-4B7DAF0EDBB3}"
EndProject
Global
	GlobalSection(SolutionConfigurationPlatforms) = preSolution
		Debug|Any CPU = Debug|Any CPU
		Release|Any CPU = Release|Any CPU
	EndGlobalSection
	GlobalSection(ProjectConfigurationPlatforms) = postSolution
		{1FF03038-7B5F-4F77-820A-4B7DAF0EDBB3}.Debug|Any CPU.ActiveCfg = Debug|Any CPU
		{1FF03038-7B5F-4F77-820A-4B7DAF0EDBB3}.Debug|Any CPU.Build.0 = Debug|Any CPU
		{1FF03038-7B5F-4F77-820A-4B7DAF0EDBB3}.Release|Any CPU.ActiveCfg = Release|Any CPU
		{1FF03038-7B5F-4F77-820A-4B7DAF0EDBB3}.Release|Any CPU.Build.0 = Release|Any CPU
	EndGlobalSection
	GlobalSection(SolutionProperties) = preSolution
		HideSolutionNode = FALSE
	EndGlobalSection
	GlobalSection(ExtensibilityGlobals) = postSolution
		SolutionGuid = {896A0A58-310E-4272-BA14-8E84EFCF3274}
	EndGlobalSection
EndGlobal
